Microsoft Visual Studio Solution File, Format Version 12.00
# Visual Studio Version 17
VisualStudioVersion = 17.5.2.0
MinimumVisualStudioVersion = 10.0.40219.1
Project("{FAE04EC0-301F-11D3-BF4B-00C04F79EFBC}") = "ExemploSQLite", "ExemploSQLite.csproj", "{A0FF296F-AA8B-269A-C5E7-B6B21858D3C6}"
EndProject
Global
	GlobalSection(SolutionConfigurationPlatforms) = preSolution
		Debug|Any CPU = Debug|Any CPU
		Release|Any CPU = Release|Any CPU
	EndGlobalSection
	GlobalSection(ProjectConfigurationPlatforms) = postSolution
		{A0FF296F-AA8B-269A-C5E7-B6B21858D3C6}.Debug|Any CPU.ActiveCfg = Debug|Any CPU
		{A0FF296F-AA8B-269A-C5E7-B6B21858D3C6}.Debug|Any CPU.Build.0 = Debug|Any CPU
		{A0FF296F-AA8B-269A-C5E7-B6B21858D3C6}.Release|Any CPU.ActiveCfg = Release|Any CPU
		{A0FF296F-AA8B-269A-C5E7-B6B21858D3C6}.Release|Any CPU.Build.0 = Release|Any CPU
	EndGlobalSection
	GlobalSection(SolutionProperties) = preSolution
		HideSolutionNode = FALSE
	EndGlobalSection
	GlobalSection(ExtensibilityGlobals) = postSolution
		SolutionGuid = {9F72A6A4-8E42-426D-AB01-0D149EC2915D}
	EndGlobalSection
EndGlobal
